
Microsoft Visual Studio Solution File, Format Version 11.00
# Visual Studio 2010
Project("{FAE04EC0-301F-11D3-BF4B-00C04F79EFBC}") = "UnityEngine.TestRunner", "UnityEngine.TestRunner.csproj", "{7dbd9af6-1d4f-a6c8-d99a-a30b3da82bdb}"
EndProject
Project("{FAE04EC0-301F-11D3-BF4B-00C04F79EFBC}") = "Unity.Mathematics", "Unity.Mathematics.csproj", "{fe5bf0a6-95a0-10b9-e50d-064b49f33e08}"
EndProject
Project("{FAE04EC0-301F-11D3-BF4B-00C04F79EFBC}") = "Unity.2D.Animation.Triangle.Runtime", "Unity.2D.Animation.Triangle.Runtime.csproj", "{c1cb3041-5cc7-31ab-93c7-4a43d7e05278}"
EndProject
Project("{FAE04EC0-301F-11D3-BF4B-00C04F79EFBC}") = "Unity.Timeline", "Unity.Timeline.csproj", "{0ad31d49-4e07-ad4c-b338-fa91056351d3}"
EndProject
Project("{FAE04EC0-301F-11D3-BF4B-00C04F79EFBC}") = "UnityEngine.UI", "UnityEngine.UI.csproj", "{8cb4fedc-12cb-4ef5-4b55-d59ec6130d47}"
EndProject
Project("{FAE04EC0-301F-11D3-BF4B-00C04F79EFBC}") = "Unity.TextMeshPro", "Unity.TextMeshPro.csproj", "{5f5879d5-e7f5-17e8-c110-0ddc6b4a715f}"
EndProject
Project("{FAE04EC0-301F-11D3-BF4B-00C04F79EFBC}") = "Unity.2D.Animation.Runtime", "Unity.2D.Animation.Runtime.csproj", "{608de809-2d4b-903b-cb10-2feb3b8f88eb}"
EndProject
Project("{FAE04EC0-301F-11D3-BF4B-00C04F79EFBC}") = "Unity.2D.IK.Runtime", "Unity.2D.IK.Runtime.csproj", "{dabab844-6da9-67d5-e06f-ca3235478efa}"
EndProject
Project("{FAE04EC0-301F-11D3-BF4B-00C04F79EFBC}") = "Unity.Notifications.Android", "Unity.Notifications.Android.csproj", "{48a7b87c-ad9f-ea7b-f7f9-e1e085394a27}"
EndProject
Project("{FAE04EC0-301F-11D3-BF4B-00C04F79EFBC}") = "Unity.2D.SpriteShape.Runtime", "Unity.2D.SpriteShape.Runtime.csproj", "{66a0b338-7c64-3ca0-9f27-ef7d982429d2}"
EndProject
Project("{FAE04EC0-301F-11D3-BF4B-00C04F79EFBC}") = "Unity.Notifications.iOS", "Unity.Notifications.iOS.csproj", "{d06d9bd1-ab59-7e01-c103-8ade9044c1e7}"
EndProject
Project("{FAE04EC0-301F-11D3-BF4B-00C04F79EFBC}") = "Unity.2D.PixelPerfect", "Unity.2D.PixelPerfect.csproj", "{42c85be6-0cd9-e0a8-6b12-76e70eb39ed6}"
EndProject
Project("{FAE04EC0-301F-11D3-BF4B-00C04F79EFBC}") = "Unity.2D.Common.Runtime", "Unity.2D.Common.Runtime.csproj", "{eff3a305-2af6-e018-2e1d-7f3952aff2bc}"
EndProject
Project("{FAE04EC0-301F-11D3-BF4B-00C04F79EFBC}") = "Unity.InternalAPIEngineBridge.001", "Unity.InternalAPIEngineBridge.001.csproj", "{79629999-affb-78d6-3d57-eac79040c3da}"
EndProject
Project("{FAE04EC0-301F-11D3-BF4B-00C04F79EFBC}") = "UnityEditor.TestRunner", "UnityEditor.TestRunner.csproj", "{08a86b85-8119-9752-4efd-dbfc29c58eb1}"
EndProject
Project("{FAE04EC0-301F-11D3-BF4B-00C04F79EFBC}") = "UnityEditor.UI", "UnityEditor.UI.csproj", "{b609458a-962a-9987-f250-8f48f2afa780}"
EndProject
Project("{FAE04EC0-301F-11D3-BF4B-00C04F79EFBC}") = "Unity.Timeline.Editor", "Unity.Timeline.Editor.csproj", "{9def9841-3b2a-f5f5-a4ad-2bae9d0851e2}"
EndProject
Project("{FAE04EC0-301F-11D3-BF4B-00C04F79EFBC}") = "Unity.VisualStudio.Editor", "Unity.VisualStudio.Editor.csproj", "{840e646f-5eba-0fdd-95b9-6b2560a8acc9}"
EndProject
Project("{FAE04EC0-301F-11D3-BF4B-00C04F79EFBC}") = "Unity.2D.Psdimporter.Editor", "Unity.2D.Psdimporter.Editor.csproj", "{9809c115-2ff7-70e8-4f80-263fd033a3e6}"
EndProject
Project("{FAE04EC0-301F-11D3-BF4B-00C04F79EFBC}") = "Unity.2D.Animation.Editor", "Unity.2D.Animation.Editor.csproj", "{617eaa98-4c68-8e0a-badd-6def16007dde}"
EndProject
Project("{FAE04EC0-301F-11D3-BF4B-00C04F79EFBC}") = "Unity.TextMeshPro.Editor", "Unity.TextMeshPro.Editor.csproj", "{4f594c47-cc10-0eab-4b3a-3a595576ca8c}"
EndProject
Project("{FAE04EC0-301F-11D3-BF4B-00C04F79EFBC}") = "Unity.2D.SpriteShape.Editor", "Unity.2D.SpriteShape.Editor.csproj", "{cfdb2c58-7c16-7492-09e7-6a7d9bae532b}"
EndProject
Project("{FAE04EC0-301F-11D3-BF4B-00C04F79EFBC}") = "Unity.CollabProxy.Editor", "Unity.CollabProxy.Editor.csproj", "{effc9859-364b-bb49-dafb-060e367084dc}"
EndProject
Project("{FAE04EC0-301F-11D3-BF4B-00C04F79EFBC}") = "PsdPlugin", "PsdPlugin.csproj", "{0b417bab-eef2-20c5-4516-6c19b4c2d0ef}"
EndProject
Project("{FAE04EC0-301F-11D3-BF4B-00C04F79EFBC}") = "Unity.2D.Path.Editor", "Unity.2D.Path.Editor.csproj", "{b8314c04-0927-001d-48b7-55d2fb652983}"
EndProject
Project("{FAE04EC0-301F-11D3-BF4B-00C04F79EFBC}") = "Unity.Mobile.AndroidLogcat.Editor", "Unity.Mobile.AndroidLogcat.Editor.csproj", "{e32b2aa0-8d1e-3a73-4f39-b452a971cc8c}"
EndProject
Project("{FAE04EC0-301F-11D3-BF4B-00C04F79EFBC}") = "Unity.Rider.Editor", "Unity.Rider.Editor.csproj", "{79f0ee86-780d-3420-c9f9-dc8a1090b5e2}"
EndProject
Project("{FAE04EC0-301F-11D3-BF4B-00C04F79EFBC}") = "Unity.2D.IK.Editor", "Unity.2D.IK.Editor.csproj", "{5768b86b-488c-7742-681e-2268ae4d2d03}"
EndProject
Project("{FAE04EC0-301F-11D3-BF4B-00C04F79EFBC}") = "Unity.2D.Sprite.Editor", "Unity.2D.Sprite.Editor.csproj", "{8fd4f607-f8b2-bfc5-ea88-d0debfac8881}"
EndProject
Project("{FAE04EC0-301F-11D3-BF4B-00C04F79EFBC}") = "Unity.2D.Tilemap.Editor", "Unity.2D.Tilemap.Editor.csproj", "{e2fe8a6d-369a-6f54-ce1b-28537301d6b7}"
EndProject
Project("{FAE04EC0-301F-11D3-BF4B-00C04F79EFBC}") = "Unity.2D.PixelPerfect.Editor", "Unity.2D.PixelPerfect.Editor.csproj", "{52b309f8-48e0-beb4-d1f6-e0b2f807a41e}"
EndProject
Project("{FAE04EC0-301F-11D3-BF4B-00C04F79EFBC}") = "Unity.VSCode.Editor", "Unity.VSCode.Editor.csproj", "{b7cbb7cd-f0e0-4c68-a22d-b9e4a76b5132}"
EndProject
Project("{FAE04EC0-301F-11D3-BF4B-00C04F79EFBC}") = "Unity.Notifications", "Unity.Notifications.csproj", "{62a214a8-08f7-bfb6-fbfc-e79def0be09b}"
EndProject
Project("{FAE04EC0-301F-11D3-BF4B-00C04F79EFBC}") = "Unity.2D.Common.Editor", "Unity.2D.Common.Editor.csproj", "{6e7e09cd-fc7e-6310-9b32-7b2e1ea354f6}"
EndProject
Project("{FAE04EC0-301F-11D3-BF4B-00C04F79EFBC}") = "Unity.Mathematics.Editor", "Unity.Mathematics.Editor.csproj", "{e3015315-457f-b085-68d6-9a80c79570d6}"
EndProject
Project("{FAE04EC0-301F-11D3-BF4B-00C04F79EFBC}") = "Unity.InternalAPIEditorBridge.001", "Unity.InternalAPIEditorBridge.001.csproj", "{11b08eb8-0966-dbbd-d03b-0b6203c8a155}"
EndProject
Project("{FAE04EC0-301F-11D3-BF4B-00C04F79EFBC}") = "UnityEngine.TestRunner", "UnityEngine.TestRunner.Player.csproj", "{9a699d20-4d90-82ca-8225-1f5f63a77e87}"
EndProject
Project("{FAE04EC0-301F-11D3-BF4B-00C04F79EFBC}") = "Unity.Mathematics", "Unity.Mathematics.Player.csproj", "{7c2122b9-7748-ff5f-a8ff-b947702e7a13}"
EndProject
Project("{FAE04EC0-301F-11D3-BF4B-00C04F79EFBC}") = "Unity.2D.Animation.Triangle.Runtime", "Unity.2D.Animation.Triangle.Runtime.Player.csproj", "{d3e85078-2729-efc0-e266-50f95b5e7cb0}"
EndProject
Project("{FAE04EC0-301F-11D3-BF4B-00C04F79EFBC}") = "Unity.Timeline", "Unity.Timeline.Player.csproj", "{30825872-b96f-69cb-b31c-633d160183f0}"
EndProject
Project("{FAE04EC0-301F-11D3-BF4B-00C04F79EFBC}") = "UnityEngine.UI", "UnityEngine.UI.Player.csproj", "{f9d77dcf-dfdb-e6ef-a44c-c622cf08c2a4}"
EndProject
Project("{FAE04EC0-301F-11D3-BF4B-00C04F79EFBC}") = "Unity.TextMeshPro", "Unity.TextMeshPro.Player.csproj", "{69922c0b-b4da-90a6-add0-dad3f655f9d2}"
EndProject
Project("{FAE04EC0-301F-11D3-BF4B-00C04F79EFBC}") = "Unity.2D.Animation.Runtime", "Unity.2D.Animation.Runtime.Player.csproj", "{8e5638c9-871a-fa88-04fb-22cda8805cf7}"
EndProject
Project("{FAE04EC0-301F-11D3-BF4B-00C04F79EFBC}") = "Unity.2D.IK.Runtime", "Unity.2D.IK.Runtime.Player.csproj", "{8413207e-8a0e-55c5-c53f-32f5194445b0}"
EndProject
Project("{FAE04EC0-301F-11D3-BF4B-00C04F79EFBC}") = "Unity.2D.SpriteShape.Runtime", "Unity.2D.SpriteShape.Runtime.Player.csproj", "{43747f9a-50fe-63b1-77dc-f22088295f70}"
EndProject
Project("{FAE04EC0-301F-11D3-BF4B-00C04F79EFBC}") = "Unity.2D.PixelPerfect", "Unity.2D.PixelPerfect.Player.csproj", "{708d76e1-8763-4b01-c9a6-6e0f20dcff43}"
EndProject
Project("{FAE04EC0-301F-11D3-BF4B-00C04F79EFBC}") = "Unity.2D.Common.Runtime", "Unity.2D.Common.Runtime.Player.csproj", "{8885ca6c-8f2b-fe41-9698-685192942069}"
EndProject
Project("{FAE04EC0-301F-11D3-BF4B-00C04F79EFBC}") = "Unity.InternalAPIEngineBridge.001", "Unity.InternalAPIEngineBridge.001.Player.csproj", "{547e5fd4-f32c-1b00-51ba-b46cd66f781e}"
EndProject
Global
	GlobalSection(SolutionConfigurationPlatforms) = preSolution
		Debug|Any CPU = Debug|Any CPU
		Release|Any CPU = Release|Any CPU
	EndGlobalSection
	GlobalSection(ProjectConfigurationPlatforms) = postSolution
		{7dbd9af6-1d4f-a6c8-d99a-a30b3da82bdb}.Debug|Any CPU.ActiveCfg = Debug|Any CPU
		{7dbd9af6-1d4f-a6c8-d99a-a30b3da82bdb}.Debug|Any CPU.Build.0 = Debug|Any CPU
		{7dbd9af6-1d4f-a6c8-d99a-a30b3da82bdb}.Release|Any CPU.ActiveCfg = Release|Any CPU
		{7dbd9af6-1d4f-a6c8-d99a-a30b3da82bdb}.Release|Any CPU.Build.0 = Release|Any CPU
		{fe5bf0a6-95a0-10b9-e50d-064b49f33e08}.Debug|Any CPU.ActiveCfg = Debug|Any CPU
		{fe5bf0a6-95a0-10b9-e50d-064b49f33e08}.Debug|Any CPU.Build.0 = Debug|Any CPU
		{fe5bf0a6-95a0-10b9-e50d-064b49f33e08}.Release|Any CPU.ActiveCfg = Release|Any CPU
		{fe5bf0a6-95a0-10b9-e50d-064b49f33e08}.Release|Any CPU.Build.0 = Release|Any CPU
		{c1cb3041-5cc7-31ab-93c7-4a43d7e05278}.Debug|Any CPU.ActiveCfg = Debug|Any CPU
		{c1cb3041-5cc7-31ab-93c7-4a43d7e05278}.Debug|Any CPU.Build.0 = Debug|Any CPU
		{c1cb3041-5cc7-31ab-93c7-4a43d7e05278}.Release|Any CPU.ActiveCfg = Release|Any CPU
		{c1cb3041-5cc7-31ab-93c7-4a43d7e05278}.Release|Any CPU.Build.0 = Release|Any CPU
		{0ad31d49-4e07-ad4c-b338-fa91056351d3}.Debug|Any CPU.ActiveCfg = Debug|Any CPU
		{0ad31d49-4e07-ad4c-b338-fa91056351d3}.Debug|Any CPU.Build.0 = Debug|Any CPU
		{0ad31d49-4e07-ad4c-b338-fa91056351d3}.Release|Any CPU.ActiveCfg = Release|Any CPU
		{0ad31d49-4e07-ad4c-b338-fa91056351d3}.Release|Any CPU.Build.0 = Release|Any CPU
		{8cb4fedc-12cb-4ef5-4b55-d59ec6130d47}.Debug|Any CPU.ActiveCfg = Debug|Any CPU
		{8cb4fedc-12cb-4ef5-4b55-d59ec6130d47}.Debug|Any CPU.Build.0 = Debug|Any CPU
		{8cb4fedc-12cb-4ef5-4b55-d59ec6130d47}.Release|Any CPU.ActiveCfg = Release|Any CPU
		{8cb4fedc-12cb-4ef5-4b55-d59ec6130d47}.Release|Any CPU.Build.0 = Release|Any CPU
		{5f5879d5-e7f5-17e8-c110-0ddc6b4a715f}.Debug|Any CPU.ActiveCfg = Debug|Any CPU
		{5f5879d5-e7f5-17e8-c110-0ddc6b4a715f}.Debug|Any CPU.Build.0 = Debug|Any CPU
		{5f5879d5-e7f5-17e8-c110-0ddc6b4a715f}.Release|Any CPU.ActiveCfg = Release|Any CPU
		{5f5879d5-e7f5-17e8-c110-0ddc6b4a715f}.Release|Any CPU.Build.0 = Release|Any CPU
		{608de809-2d4b-903b-cb10-2feb3b8f88eb}.Debug|Any CPU.ActiveCfg = Debug|Any CPU
		{608de809-2d4b-903b-cb10-2feb3b8f88eb}.Debug|Any CPU.Build.0 = Debug|Any CPU
		{608de809-2d4b-903b-cb10-2feb3b8f88eb}.Release|Any CPU.ActiveCfg = Release|Any CPU
		{608de809-2d4b-903b-cb10-2feb3b8f88eb}.Release|Any CPU.Build.0 = Release|Any CPU
		{dabab844-6da9-67d5-e06f-ca3235478efa}.Debug|Any CPU.ActiveCfg = Debug|Any CPU
		{dabab844-6da9-67d5-e06f-ca3235478efa}.Debug|Any CPU.Build.0 = Debug|Any CPU
		{dabab844-6da9-67d5-e06f-ca3235478efa}.Release|Any CPU.ActiveCfg = Release|Any CPU
		{dabab844-6da9-67d5-e06f-ca3235478efa}.Release|Any CPU.Build.0 = Release|Any CPU
		{48a7b87c-ad9f-ea7b-f7f9-e1e085394a27}.Debug|Any CPU.ActiveCfg = Debug|Any CPU
		{48a7b87c-ad9f-ea7b-f7f9-e1e085394a27}.Debug|Any CPU.Build.0 = Debug|Any CPU
		{48a7b87c-ad9f-ea7b-f7f9-e1e085394a27}.Release|Any CPU.ActiveCfg = Release|Any CPU
		{48a7b87c-ad9f-ea7b-f7f9-e1e085394a27}.Release|Any CPU.Build.0 = Release|Any CPU
		{66a0b338-7c64-3ca0-9f27-ef7d982429d2}.Debug|Any CPU.ActiveCfg = Debug|Any CPU
		{66a0b338-7c64-3ca0-9f27-ef7d982429d2}.Debug|Any CPU.Build.0 = Debug|Any CPU
		{66a0b338-7c64-3ca0-9f27-ef7d982429d2}.Release|Any CPU.ActiveCfg = Release|Any CPU
		{66a0b338-7c64-3ca0-9f27-ef7d982429d2}.Release|Any CPU.Build.0 = Release|Any CPU
		{d06d9bd1-ab59-7e01-c103-8ade9044c1e7}.Debug|Any CPU.ActiveCfg = Debug|Any CPU
		{d06d9bd1-ab59-7e01-c103-8ade9044c1e7}.Debug|Any CPU.Build.0 = Debug|Any CPU
		{d06d9bd1-ab59-7e01-c103-8ade9044c1e7}.Release|Any CPU.ActiveCfg = Release|Any CPU
		{d06d9bd1-ab59-7e01-c103-8ade9044c1e7}.Release|Any CPU.Build.0 = Release|Any CPU
		{42c85be6-0cd9-e0a8-6b12-76e70eb39ed6}.Debug|Any CPU.ActiveCfg = Debug|Any CPU
		{42c85be6-0cd9-e0a8-6b12-76e70eb39ed6}.Debug|Any CPU.Build.0 = Debug|Any CPU
		{42c85be6-0cd9-e0a8-6b12-76e70eb39ed6}.Release|Any CPU.ActiveCfg = Release|Any CPU
		{42c85be6-0cd9-e0a8-6b12-76e70eb39ed6}.Release|Any CPU.Build.0 = Release|Any CPU
		{eff3a305-2af6-e018-2e1d-7f3952aff2bc}.Debug|Any CPU.ActiveCfg = Debug|Any CPU
		{eff3a305-2af6-e018-2e1d-7f3952aff2bc}.Debug|Any CPU.Build.0 = Debug|Any CPU
		{eff3a305-2af6-e018-2e1d-7f3952aff2bc}.Release|Any CPU.ActiveCfg = Release|Any CPU
		{eff3a305-2af6-e018-2e1d-7f3952aff2bc}.Release|Any CPU.Build.0 = Release|Any CPU
		{79629999-affb-78d6-3d57-eac79040c3da}.Debug|Any CPU.ActiveCfg = Debug|Any CPU
		{79629999-affb-78d6-3d57-eac79040c3da}.Debug|Any CPU.Build.0 = Debug|Any CPU
		{79629999-affb-78d6-3d57-eac79040c3da}.Release|Any CPU.ActiveCfg = Release|Any CPU
		{79629999-affb-78d6-3d57-eac79040c3da}.Release|Any CPU.Build.0 = Release|Any CPU
		{08a86b85-8119-9752-4efd-dbfc29c58eb1}.Debug|Any CPU.ActiveCfg = Debug|Any CPU
		{08a86b85-8119-9752-4efd-dbfc29c58eb1}.Debug|Any CPU.Build.0 = Debug|Any CPU
		{08a86b85-8119-9752-4efd-dbfc29c58eb1}.Release|Any CPU.ActiveCfg = Release|Any CPU
		{08a86b85-8119-9752-4efd-dbfc29c58eb1}.Release|Any CPU.Build.0 = Release|Any CPU
		{b609458a-962a-9987-f250-8f48f2afa780}.Debug|Any CPU.ActiveCfg = Debug|Any CPU
		{b609458a-962a-9987-f250-8f48f2afa780}.Debug|Any CPU.Build.0 = Debug|Any CPU
		{b609458a-962a-9987-f250-8f48f2afa780}.Release|Any CPU.ActiveCfg = Release|Any CPU
		{b609458a-962a-9987-f250-8f48f2afa780}.Release|Any CPU.Build.0 = Release|Any CPU
		{9def9841-3b2a-f5f5-a4ad-2bae9d0851e2}.Debug|Any CPU.ActiveCfg = Debug|Any CPU
		{9def9841-3b2a-f5f5-a4ad-2bae9d0851e2}.Debug|Any CPU.Build.0 = Debug|Any CPU
		{9def9841-3b2a-f5f5-a4ad-2bae9d0851e2}.Release|Any CPU.ActiveCfg = Release|Any CPU
		{9def9841-3b2a-f5f5-a4ad-2bae9d0851e2}.Release|Any CPU.Build.0 = Release|Any CPU
		{840e646f-5eba-0fdd-95b9-6b2560a8acc9}.Debug|Any CPU.ActiveCfg = Debug|Any CPU
		{840e646f-5eba-0fdd-95b9-6b2560a8acc9}.Debug|Any CPU.Build.0 = Debug|Any CPU
		{840e646f-5eba-0fdd-95b9-6b2560a8acc9}.Release|Any CPU.ActiveCfg = Release|Any CPU
		{840e646f-5eba-0fdd-95b9-6b2560a8acc9}.Release|Any CPU.Build.0 = Release|Any CPU
		{9809c115-2ff7-70e8-4f80-263fd033a3e6}.Debug|Any CPU.ActiveCfg = Debug|Any CPU
		{9809c115-2ff7-70e8-4f80-263fd033a3e6}.Debug|Any CPU.Build.0 = Debug|Any CPU
		{9809c115-2ff7-70e8-4f80-263fd033a3e6}.Release|Any CPU.ActiveCfg = Release|Any CPU
		{9809c115-2ff7-70e8-4f80-263fd033a3e6}.Release|Any CPU.Build.0 = Release|Any CPU
		{617eaa98-4c68-8e0a-badd-6def16007dde}.Debug|Any CPU.ActiveCfg = Debug|Any CPU
		{617eaa98-4c68-8e0a-badd-6def16007dde}.Debug|Any CPU.Build.0 = Debug|Any CPU
		{617eaa98-4c68-8e0a-badd-6def16007dde}.Release|Any CPU.ActiveCfg = Release|Any CPU
		{617eaa98-4c68-8e0a-badd-6def16007dde}.Release|Any CPU.Build.0 = Release|Any CPU
		{4f594c47-cc10-0eab-4b3a-3a595576ca8c}.Debug|Any CPU.ActiveCfg = Debug|Any CPU
		{4f594c47-cc10-0eab-4b3a-3a595576ca8c}.Debug|Any CPU.Build.0 = Debug|Any CPU
		{4f594c47-cc10-0eab-4b3a-3a595576ca8c}.Release|Any CPU.ActiveCfg = Release|Any CPU
		{4f594c47-cc10-0eab-4b3a-3a595576ca8c}.Release|Any CPU.Build.0 = Release|Any CPU
		{cfdb2c58-7c16-7492-09e7-6a7d9bae532b}.Debug|Any CPU.ActiveCfg = Debug|Any CPU
		{cfdb2c58-7c16-7492-09e7-6a7d9bae532b}.Debug|Any CPU.Build.0 = Debug|Any CPU
		{cfdb2c58-7c16-7492-09e7-6a7d9bae532b}.Release|Any CPU.ActiveCfg = Release|Any CPU
		{cfdb2c58-7c16-7492-09e7-6a7d9bae532b}.Release|Any CPU.Build.0 = Release|Any CPU
		{effc9859-364b-bb49-dafb-060e367084dc}.Debug|Any CPU.ActiveCfg = Debug|Any CPU
		{effc9859-364b-bb49-dafb-060e367084dc}.Debug|Any CPU.Build.0 = Debug|Any CPU
		{effc9859-364b-bb49-dafb-060e367084dc}.Release|Any CPU.ActiveCfg = Release|Any CPU
		{effc9859-364b-bb49-dafb-060e367084dc}.Release|Any CPU.Build.0 = Release|Any CPU
		{0b417bab-eef2-20c5-4516-6c19b4c2d0ef}.Debug|Any CPU.ActiveCfg = Debug|Any CPU
		{0b417bab-eef2-20c5-4516-6c19b4c2d0ef}.Debug|Any CPU.Build.0 = Debug|Any CPU
		{0b417bab-eef2-20c5-4516-6c19b4c2d0ef}.Release|Any CPU.ActiveCfg = Release|Any CPU
		{0b417bab-eef2-20c5-4516-6c19b4c2d0ef}.Release|Any CPU.Build.0 = Release|Any CPU
		{b8314c04-0927-001d-48b7-55d2fb652983}.Debug|Any CPU.ActiveCfg = Debug|Any CPU
		{b8314c04-0927-001d-48b7-55d2fb652983}.Debug|Any CPU.Build.0 = Debug|Any CPU
		{b8314c04-0927-001d-48b7-55d2fb652983}.Release|Any CPU.ActiveCfg = Release|Any CPU
		{b8314c04-0927-001d-48b7-55d2fb652983}.Release|Any CPU.Build.0 = Release|Any CPU
		{e32b2aa0-8d1e-3a73-4f39-b452a971cc8c}.Debug|Any CPU.ActiveCfg = Debug|Any CPU
		{e32b2aa0-8d1e-3a73-4f39-b452a971cc8c}.Debug|Any CPU.Build.0 = Debug|Any CPU
		{e32b2aa0-8d1e-3a73-4f39-b452a971cc8c}.Release|Any CPU.ActiveCfg = Release|Any CPU
		{e32b2aa0-8d1e-3a73-4f39-b452a971cc8c}.Release|Any CPU.Build.0 = Release|Any CPU
		{79f0ee86-780d-3420-c9f9-dc8a1090b5e2}.Debug|Any CPU.ActiveCfg = Debug|Any CPU
		{79f0ee86-780d-3420-c9f9-dc8a1090b5e2}.Debug|Any CPU.Build.0 = Debug|Any CPU
		{79f0ee86-780d-3420-c9f9-dc8a1090b5e2}.Release|Any CPU.ActiveCfg = Release|Any CPU
		{79f0ee86-780d-3420-c9f9-dc8a1090b5e2}.Release|Any CPU.Build.0 = Release|Any CPU
		{5768b86b-488c-7742-681e-2268ae4d2d03}.Debug|Any CPU.ActiveCfg = Debug|Any CPU
		{5768b86b-488c-7742-681e-2268ae4d2d03}.Debug|Any CPU.Build.0 = Debug|Any CPU
		{5768b86b-488c-7742-681e-2268ae4d2d03}.Release|Any CPU.ActiveCfg = Release|Any CPU
		{5768b86b-488c-7742-681e-2268ae4d2d03}.Release|Any CPU.Build.0 = Release|Any CPU
		{8fd4f607-f8b2-bfc5-ea88-d0debfac8881}.Debug|Any CPU.ActiveCfg = Debug|Any CPU
		{8fd4f607-f8b2-bfc5-ea88-d0debfac8881}.Debug|Any CPU.Build.0 = Debug|Any CPU
		{8fd4f607-f8b2-bfc5-ea88-d0debfac8881}.Release|Any CPU.ActiveCfg = Release|Any CPU
		{8fd4f607-f8b2-bfc5-ea88-d0debfac8881}.Release|Any CPU.Build.0 = Release|Any CPU
		{e2fe8a6d-369a-6f54-ce1b-28537301d6b7}.Debug|Any CPU.ActiveCfg = Debug|Any CPU
		{e2fe8a6d-369a-6f54-ce1b-28537301d6b7}.Debug|Any CPU.Build.0 = Debug|Any CPU
		{e2fe8a6d-369a-6f54-ce1b-28537301d6b7}.Release|Any CPU.ActiveCfg = Release|Any CPU
		{e2fe8a6d-369a-6f54-ce1b-28537301d6b7}.Release|Any CPU.Build.0 = Release|Any CPU
		{52b309f8-48e0-beb4-d1f6-e0b2f807a41e}.Debug|Any CPU.ActiveCfg = Debug|Any CPU
		{52b309f8-48e0-beb4-d1f6-e0b2f807a41e}.Debug|Any CPU.Build.0 = Debug|Any CPU
		{52b309f8-48e0-beb4-d1f6-e0b2f807a41e}.Release|Any CPU.ActiveCfg = Release|Any CPU
		{52b309f8-48e0-beb4-d1f6-e0b2f807a41e}.Release|Any CPU.Build.0 = Release|Any CPU
		{b7cbb7cd-f0e0-4c68-a22d-b9e4a76b5132}.Debug|Any CPU.ActiveCfg = Debug|Any CPU
		{b7cbb7cd-f0e0-4c68-a22d-b9e4a76b5132}.Debug|Any CPU.Build.0 = Debug|Any CPU
		{b7cbb7cd-f0e0-4c68-a22d-b9e4a76b5132}.Release|Any CPU.ActiveCfg = Release|Any CPU
		{b7cbb7cd-f0e0-4c68-a22d-b9e4a76b5132}.Release|Any CPU.Build.0 = Release|Any CPU
		{62a214a8-08f7-bfb6-fbfc-e79def0be09b}.Debug|Any CPU.ActiveCfg = Debug|Any CPU
		{62a214a8-08f7-bfb6-fbfc-e79def0be09b}.Debug|Any CPU.Build.0 = Debug|Any CPU
		{62a214a8-08f7-bfb6-fbfc-e79def0be09b}.Release|Any CPU.ActiveCfg = Release|Any CPU
		{62a214a8-08f7-bfb6-fbfc-e79def0be09b}.Release|Any CPU.Build.0 = Release|Any CPU
		{6e7e09cd-fc7e-6310-9b32-7b2e1ea354f6}.Debug|Any CPU.ActiveCfg = Debug|Any CPU
		{6e7e09cd-fc7e-6310-9b32-7b2e1ea354f6}.Debug|Any CPU.Build.0 = Debug|Any CPU
		{6e7e09cd-fc7e-6310-9b32-7b2e1ea354f6}.Release|Any CPU.ActiveCfg = Release|Any CPU
		{6e7e09cd-fc7e-6310-9b32-7b2e1ea354f6}.Release|Any CPU.Build.0 = Release|Any CPU
		{e3015315-457f-b085-68d6-9a80c79570d6}.Debug|Any CPU.ActiveCfg = Debug|Any CPU
		{e3015315-457f-b085-68d6-9a80c79570d6}.Debug|Any CPU.Build.0 = Debug|Any CPU
		{e3015315-457f-b085-68d6-9a80c79570d6}.Release|Any CPU.ActiveCfg = Release|Any CPU
		{e3015315-457f-b085-68d6-9a80c79570d6}.Release|Any CPU.Build.0 = Release|Any CPU
		{11b08eb8-0966-dbbd-d03b-0b6203c8a155}.Debug|Any CPU.ActiveCfg = Debug|Any CPU
		{11b08eb8-0966-dbbd-d03b-0b6203c8a155}.Debug|Any CPU.Build.0 = Debug|Any CPU
		{11b08eb8-0966-dbbd-d03b-0b6203c8a155}.Release|Any CPU.ActiveCfg = Release|Any CPU
		{11b08eb8-0966-dbbd-d03b-0b6203c8a155}.Release|Any CPU.Build.0 = Release|Any CPU
		{9a699d20-4d90-82ca-8225-1f5f63a77e87}.Debug|Any CPU.ActiveCfg = Debug|Any CPU
		{9a699d20-4d90-82ca-8225-1f5f63a77e87}.Debug|Any CPU.Build.0 = Debug|Any CPU
		{9a699d20-4d90-82ca-8225-1f5f63a77e87}.Release|Any CPU.ActiveCfg = Release|Any CPU
		{9a699d20-4d90-82ca-8225-1f5f63a77e87}.Release|Any CPU.Build.0 = Release|Any CPU
		{7c2122b9-7748-ff5f-a8ff-b947702e7a13}.Debug|Any CPU.ActiveCfg = Debug|Any CPU
		{7c2122b9-7748-ff5f-a8ff-b947702e7a13}.Debug|Any CPU.Build.0 = Debug|Any CPU
		{7c2122b9-7748-ff5f-a8ff-b947702e7a13}.Release|Any CPU.ActiveCfg = Release|Any CPU
		{7c2122b9-7748-ff5f-a8ff-b947702e7a13}.Release|Any CPU.Build.0 = Release|Any CPU
		{d3e85078-2729-efc0-e266-50f95b5e7cb0}.Debug|Any CPU.ActiveCfg = Debug|Any CPU
		{d3e85078-2729-efc0-e266-50f95b5e7cb0}.Debug|Any CPU.Build.0 = Debug|Any CPU
		{d3e85078-2729-efc0-e266-50f95b5e7cb0}.Release|Any CPU.ActiveCfg = Release|Any CPU
		{d3e85078-2729-efc0-e266-50f95b5e7cb0}.Release|Any CPU.Build.0 = Release|Any CPU
		{30825872-b96f-69cb-b31c-633d160183f0}.Debug|Any CPU.ActiveCfg = Debug|Any CPU
		{30825872-b96f-69cb-b31c-633d160183f0}.Debug|Any CPU.Build.0 = Debug|Any CPU
		{30825872-b96f-69cb-b31c-633d160183f0}.Release|Any CPU.ActiveCfg = Release|Any CPU
		{30825872-b96f-69cb-b31c-633d160183f0}.Release|Any CPU.Build.0 = Release|Any CPU
		{f9d77dcf-dfdb-e6ef-a44c-c622cf08c2a4}.Debug|Any CPU.ActiveCfg = Debug|Any CPU
		{f9d77dcf-dfdb-e6ef-a44c-c622cf08c2a4}.Debug|Any CPU.Build.0 = Debug|Any CPU
		{f9d77dcf-dfdb-e6ef-a44c-c622cf08c2a4}.Release|Any CPU.ActiveCfg = Release|Any CPU
		{f9d77dcf-dfdb-e6ef-a44c-c622cf08c2a4}.Release|Any CPU.Build.0 = Release|Any CPU
		{69922c0b-b4da-90a6-add0-dad3f655f9d2}.Debug|Any CPU.ActiveCfg = Debug|Any CPU
		{69922c0b-b4da-90a6-add0-dad3f655f9d2}.Debug|Any CPU.Build.0 = Debug|Any CPU
		{69922c0b-b4da-90a6-add0-dad3f655f9d2}.Release|Any CPU.ActiveCfg = Release|Any CPU
		{69922c0b-b4da-90a6-add0-dad3f655f9d2}.Release|Any CPU.Build.0 = Release|Any CPU
		{8e5638c9-871a-fa88-04fb-22cda8805cf7}.Debug|Any CPU.ActiveCfg = Debug|Any CPU
		{8e5638c9-871a-fa88-04fb-22cda8805cf7}.Debug|Any CPU.Build.0 = Debug|Any CPU
		{8e5638c9-871a-fa88-04fb-22cda8805cf7}.Release|Any CPU.ActiveCfg = Release|Any CPU
		{8e5638c9-871a-fa88-04fb-22cda8805cf7}.Release|Any CPU.Build.0 = Release|Any CPU
		{8413207e-8a0e-55c5-c53f-32f5194445b0}.Debug|Any CPU.ActiveCfg = Debug|Any CPU
		{8413207e-8a0e-55c5-c53f-32f5194445b0}.Debug|Any CPU.Build.0 = Debug|Any CPU
		{8413207e-8a0e-55c5-c53f-32f5194445b0}.Release|Any CPU.ActiveCfg = Release|Any CPU
		{8413207e-8a0e-55c5-c53f-32f5194445b0}.Release|Any CPU.Build.0 = Release|Any CPU
		{43747f9a-50fe-63b1-77dc-f22088295f70}.Debug|Any CPU.ActiveCfg = Debug|Any CPU
		{43747f9a-50fe-63b1-77dc-f22088295f70}.Debug|Any CPU.Build.0 = Debug|Any CPU
		{43747f9a-50fe-63b1-77dc-f22088295f70}.Release|Any CPU.ActiveCfg = Release|Any CPU
		{43747f9a-50fe-63b1-77dc-f22088295f70}.Release|Any CPU.Build.0 = Release|Any CPU
		{708d76e1-8763-4b01-c9a6-6e0f20dcff43}.Debug|Any CPU.ActiveCfg = Debug|Any CPU
		{708d76e1-8763-4b01-c9a6-6e0f20dcff43}.Debug|Any CPU.Build.0 = Debug|Any CPU
		{708d76e1-8763-4b01-c9a6-6e0f20dcff43}.Release|Any CPU.ActiveCfg = Release|Any CPU
		{708d76e1-8763-4b01-c9a6-6e0f20dcff43}.Release|Any CPU.Build.0 = Release|Any CPU
		{8885ca6c-8f2b-fe41-9698-685192942069}.Debug|Any CPU.ActiveCfg = Debug|Any CPU
		{8885ca6c-8f2b-fe41-9698-685192942069}.Debug|Any CPU.Build.0 = Debug|Any CPU
		{8885ca6c-8f2b-fe41-9698-685192942069}.Release|Any CPU.ActiveCfg = Release|Any CPU
		{8885ca6c-8f2b-fe41-9698-685192942069}.Release|Any CPU.Build.0 = Release|Any CPU
		{547e5fd4-f32c-1b00-51ba-b46cd66f781e}.Debug|Any CPU.ActiveCfg = Debug|Any CPU
		{547e5fd4-f32c-1b00-51ba-b46cd66f781e}.Debug|Any CPU.Build.0 = Debug|Any CPU
		{547e5fd4-f32c-1b00-51ba-b46cd66f781e}.Release|Any CPU.ActiveCfg = Release|Any CPU
		{547e5fd4-f32c-1b00-51ba-b46cd66f781e}.Release|Any CPU.Build.0 = Release|Any CPU
	EndGlobalSection
	GlobalSection(SolutionProperties) = preSolution
		HideSolutionNode = FALSE
	EndGlobalSection
EndGlobal
